
Microsoft Visual Studio Solution File, Format Version 12.00
# Visual Studio Version 17
VisualStudioVersion = 17.8.34408.163
MinimumVisualStudioVersion = 10.0.40219.1
Project("{9A19103F-16F7-4668-BE54-9A1E7A4F7556}") = "API.11440", "wad_api_11440\API.11440.csproj", "{6004B896-A050-4841-9E01-1DB7A1F24543}"
EndProject
Project("{9A19103F-16F7-4668-BE54-9A1E7A4F7556}") = "Entities.11440", "Entities\Entities.11440.csproj", "{C485A7B9-096F-45A7-BFEE-39BE8E17EE01}"
EndProject
Project("{9A19103F-16F7-4668-BE54-9A1E7A4F7556}") = "DAL.11440", "DataLayer\DAL.11440.csproj", "{01C8CE42-6191-4F1F-9D80-139DD503A87D}"
EndProject
Global
	GlobalSection(SolutionConfigurationPlatforms) = preSolution
		Debug|Any CPU = Debug|Any CPU
		Release|Any CPU = Release|Any CPU
	EndGlobalSection
	GlobalSection(ProjectConfigurationPlatforms) = postSolution
		{6004B896-A050-4841-9E01-1DB7A1F24543}.Debug|Any CPU.ActiveCfg = Debug|Any CPU
		{6004B896-A050-4841-9E01-1DB7A1F24543}.Debug|Any CPU.Build.0 = Debug|Any CPU
		{6004B896-A050-4841-9E01-1DB7A1F24543}.Release|Any CPU.ActiveCfg = Release|Any CPU
		{6004B896-A050-4841-9E01-1DB7A1F24543}.Release|Any CPU.Build.0 = Release|Any CPU
		{C485A7B9-096F-45A7-BFEE-39BE8E17EE01}.Debug|Any CPU.ActiveCfg = Debug|Any CPU
		{C485A7B9-096F-45A7-BFEE-39BE8E17EE01}.Debug|Any CPU.Build.0 = Debug|Any CPU
		{C485A7B9-096F-45A7-BFEE-39BE8E17EE01}.Release|Any CPU.ActiveCfg = Release|Any CPU
		{C485A7B9-096F-45A7-BFEE-39BE8E17EE01}.Release|Any CPU.Build.0 = Release|Any CPU
		{01C8CE42-6191-4F1F-9D80-139DD503A87D}.Debug|Any CPU.ActiveCfg = Debug|Any CPU
		{01C8CE42-6191-4F1F-9D80-139DD503A87D}.Debug|Any CPU.Build.0 = Debug|Any CPU
		{01C8CE42-6191-4F1F-9D80-139DD503A87D}.Release|Any CPU.ActiveCfg = Release|Any CPU
		{01C8CE42-6191-4F1F-9D80-139DD503A87D}.Release|Any CPU.Build.0 = Release|Any CPU
	EndGlobalSection
	GlobalSection(SolutionProperties) = preSolution
		HideSolutionNode = FALSE
	EndGlobalSection
	GlobalSection(ExtensibilityGlobals) = postSolution
		SolutionGuid = {5C903DF7-6DE0-456B-A812-DA79B6C5A9D7}
	EndGlobalSection
EndGlobal
